// !$*UTF8*$!
{
	archiveVersion = 1;
	classes = {
	};
	objectVersion = 46;
	objects = {

/* Begin PBXBuildFile section */
		D0BC878B1A6A3C0B00AF46C1 /* main.m in Sources */ = {isa = PBXBuildFile; fileRef = D0BC878A1A6A3C0B00AF46C1 /* main.m */; };
		D0BC878E1A6A3C0B00AF46C1 /* AppDelegate.m in Sources */ = {isa = PBXBuildFile; fileRef = D0BC878D1A6A3C0B00AF46C1 /* AppDelegate.m */; };
		D0BC87901A6A3C0B00AF46C1 /* art.scnassets in Resources */ = {isa = PBXBuildFile; fileRef = D0BC878F1A6A3C0B00AF46C1 /* art.scnassets */; };
		D0BC87931A6A3C0B00AF46C1 /* GameViewController.m in Sources */ = {isa = PBXBuildFile; fileRef = D0BC87921A6A3C0B00AF46C1 /* GameViewController.m */; };
		D0BC87961A6A3C0B00AF46C1 /* Main.storyboard in Resources */ = {isa = PBXBuildFile; fileRef = D0BC87941A6A3C0B00AF46C1 /* Main.storyboard */; };
		D0BC87981A6A3C0B00AF46C1 /* Images.xcassets in Resources */ = {isa = PBXBuildFile; fileRef = D0BC87971A6A3C0B00AF46C1 /* Images.xcassets */; };
		D0BC879B1A6A3C0B00AF46C1 /* LaunchScreen.xib in Resources */ = {isa = PBXBuildFile; fileRef = D0BC87991A6A3C0B00AF46C1 /* LaunchScreen.xib */; };
		D0BC87A71A6A3C0B00AF46C1 /* Resonant_MelodiesTests.m in Sources */ = {isa = PBXBuildFile; fileRef = D0BC87A61A6A3C0B00AF46C1 /* Resonant_MelodiesTests.m */; };
/* End PBXBuildFile section */

/* Begin PBXContainerItemProxy section */
		D0BC87A11A6A3C0B00AF46C1 /* PBXContainerItemProxy */ = {
			isa = PBXContainerItemProxy;
			containerPortal = D0BC877D1A6A3C0B00AF46C1 /* Project object */;
			proxyType = 1;
			remoteGlobalIDString = D0BC87841A6A3C0B00AF46C1;
			remoteInfo = "Resonant Melodies";
		};
/* End PBXContainerItemProxy section */

/* Begin PBXFileReference section */
		D0BC87851A6A3C0B00AF46C1 /* Resonant Melodies.app */ = {isa = PBXFileReference; explicitFileType = wrapper.application; includeInIndex = 0; path = "Resonant Melodies.app"; sourceTree = BUILT_PRODUCTS_DIR; };
		D0BC87891A6A3C0B00AF46C1 /* Info.plist */ = {isa = PBXFileReference; lastKnownFileType = text.plist.xml; path = Info.plist; sourceTree = "<group>"; };
		D0BC878A1A6A3C0B00AF46C1 /* main.m */ = {isa = PBXFileReference; lastKnownFileType = sourcecode.c.objc; path = main.m; sourceTree = "<group>"; };
		D0BC878C1A6A3C0B00AF46C1 /* AppDelegate.h */ = {isa = PBXFileReference; lastKnownFileType = sourcecode.c.h; path = AppDelegate.h; sourceTree = "<group>"; };
		D0BC878D1A6A3C0B00AF46C1 /* AppDelegate.m */ = {isa = PBXFileReference; lastKnownFileType = sourcecode.c.objc; path = AppDelegate.m; sourceTree = "<group>"; };
		D0BC878F1A6A3C0B00AF46C1 /* art.scnassets */ = {isa = PBXFileReference; lastKnownFileType = wrapper.scnassets; path = art.scnassets; sourceTree = "<group>"; };
		D0BC87911A6A3C0B00AF46C1 /* GameViewController.h */ = {isa = PBXFileReference; lastKnownFileType = sourcecode.c.h; path = GameViewController.h; sourceTree = "<group>"; };
		D0BC87921A6A3C0B00AF46C1 /* GameViewController.m */ = {isa = PBXFileReference; lastKnownFileType = sourcecode.c.objc; path = GameViewController.m; sourceTree = "<group>"; };
		D0BC87951A6A3C0B00AF46C1 /* Base */ = {isa = PBXFileReference; lastKnownFileType = file.storyboard; name = Base; path = Base.lproj/Main.storyboard; sourceTree = "<group>"; };
		D0BC87971A6A3C0B00AF46C1 /* Images.xcassets */ = {isa = PBXFileReference; lastKnownFileType = folder.assetcatalog; path = Images.xcassets; sourceTree = "<group>"; };
		D0BC879A1A6A3C0B00AF46C1 /* Base */ = {isa = PBXFileReference; lastKnownFileType = file.xib; name = Base; path = Base.lproj/LaunchScreen.xib; sourceTree = "<group>"; };
		D0BC87A01A6A3C0B00AF46C1 /* Resonant MelodiesTests.xctest */ = {isa = PBXFileReference; explicitFileType = wrapper.cfbundle; includeInIndex = 0; path = "Resonant MelodiesTests.xctest"; sourceTree = BUILT_PRODUCTS_DIR; };
		D0BC87A51A6A3C0B00AF46C1 /* Info.plist */ = {isa = PBXFileReference; lastKnownFileType = text.plist.xml; path = Info.plist; sourceTree = "<group>"; };
		D0BC87A61A6A3C0B00AF46C1 /* Resonant_MelodiesTests.m */ = {isa = PBXFileReference; lastKnownFileType = sourcecode.c.objc; path = Resonant_MelodiesTests.m; sourceTree = "<group>"; };
/* End PBXFileReference section */

/* Begin PBXFrameworksBuildPhase section */
		D0BC87821A6A3C0B00AF46C1 /* Frameworks */ = {
			isa = PBXFrameworksBuildPhase;
			buildActionMask = 2147483647;
			files = (
			);
			runOnlyForDeploymentPostprocessing = 0;
		};
		D0BC879D1A6A3C0B00AF46C1 /* Frameworks */ = {
			isa = PBXFrameworksBuildPhase;
			buildActionMask = 2147483647;
			files = (
			);
			runOnlyForDeploymentPostprocessing = 0;
		};
/* End PBXFrameworksBuildPhase section */

/* Begin PBXGroup section */
		D0BC877C1A6A3C0B00AF46C1 = {
			isa = PBXGroup;
			children = (
				D0BC87871A6A3C0B00AF46C1 /* Resonant Melodies */,
				D0BC87A31A6A3C0B00AF46C1 /* Resonant MelodiesTests */,
				D0BC87861A6A3C0B00AF46C1 /* Products */,
			);
			sourceTree = "<group>";
		};
		D0BC87861A6A3C0B00AF46C1 /* Products */ = {
			isa = PBXGroup;
			children = (
				D0BC87851A6A3C0B00AF46C1 /* Resonant Melodies.app */,
				D0BC87A01A6A3C0B00AF46C1 /* Resonant MelodiesTests.xctest */,
			);
			name = Products;
			sourceTree = "<group>";
		};
		D0BC87871A6A3C0B00AF46C1 /* Resonant Melodies */ = {
			isa = PBXGroup;
			children = (
				D0BC878C1A6A3C0B00AF46C1 /* AppDelegate.h */,
				D0BC878D1A6A3C0B00AF46C1 /* AppDelegate.m */,
				D0BC878F1A6A3C0B00AF46C1 /* art.scnassets */,
				D0BC87911A6A3C0B00AF46C1 /* GameViewController.h */,
				D0BC87921A6A3C0B00AF46C1 /* GameViewController.m */,
				D0BC87941A6A3C0B00AF46C1 /* Main.storyboard */,
				D0BC87971A6A3C0B00AF46C1 /* Images.xcassets */,
				D0BC87991A6A3C0B00AF46C1 /* LaunchScreen.xib */,
				D0BC87881A6A3C0B00AF46C1 /* Supporting Files */,
			);
			path = "Resonant Melodies";
			sourceTree = "<group>";
		};
		D0BC87881A6A3C0B00AF46C1 /* Supporting Files */ = {
			isa = PBXGroup;
			children = (
				D0BC87891A6A3C0B00AF46C1 /* Info.plist */,
				D0BC878A1A6A3C0B00AF46C1 /* main.m */,
			);
			name = "Supporting Files";
			sourceTree = "<group>";
		};
		D0BC87A31A6A3C0B00AF46C1 /* Resonant MelodiesTests */ = {
			isa = PBXGroup;
			children = (
				D0BC87A61A6A3C0B00AF46C1 /* Resonant_MelodiesTests.m */,
				D0BC87A41A6A3C0B00AF46C1 /* Supporting Files */,
			);
			path = "Resonant MelodiesTests";
			sourceTree = "<group>";
		};
		D0BC87A41A6A3C0B00AF46C1 /* Supporting Files */ = {
			isa = PBXGroup;
			children = (
				D0BC87A51A6A3C0B00AF46C1 /* Info.plist */,
			);
			name = "Supporting Files";
			sourceTree = "<group>";
		};
/* End PBXGroup section */

/* Begin PBXNativeTarget section */
		D0BC87841A6A3C0B00AF46C1 /* Resonant Melodies */ = {
			isa = PBXNativeTarget;
			buildConfigurationList = D0BC87AA1A6A3C0B00AF46C1 /* Build configuration list for PBXNativeTarget "Resonant Melodies" */;
			buildPhases = (
				D0BC87811A6A3C0B00AF46C1 /* Sources */,
				D0BC87821A6A3C0B00AF46C1 /* Frameworks */,
				D0BC87831A6A3C0B00AF46C1 /* Resources */,
			);
			buildRules = (
			);
			dependencies = (
			);
			name = "Resonant Melodies";
			productName = "Resonant Melodies";
			productReference = D0BC87851A6A3C0B00AF46C1 /* Resonant Melodies.app */;
			productType = "com.apple.product-type.application";
		};
		D0BC879F1A6A3C0B00AF46C1 /* Resonant MelodiesTests */ = {
			isa = PBXNativeTarget;
			buildConfigurationList = D0BC87AD1A6A3C0B00AF46C1 /* Build configuration list for PBXNativeTarget "Resonant MelodiesTests" */;
			buildPhases = (
				D0BC879C1A6A3C0B00AF46C1 /* Sources */,
				D0BC879D1A6A3C0B00AF46C1 /* Frameworks */,
				D0BC879E1A6A3C0B00AF46C1 /* Resources */,
			);
			buildRules = (
			);
			dependencies = (
				D0BC87A21A6A3C0B00AF46C1 /* PBXTargetDependency */,
			);
			name = "Resonant MelodiesTests";
			productName = "Resonant MelodiesTests";
			productReference = D0BC87A01A6A3C0B00AF46C1 /* Resonant MelodiesTests.xctest */;
			productType = "com.apple.product-type.bundle.unit-test";
		};
/* End PBXNativeTarget section */

/* Begin PBXProject section */
		D0BC877D1A6A3C0B00AF46C1 /* Project object */ = {
			isa = PBXProject;
			attributes = {
				LastUpgradeCheck = 0610;
				ORGANIZATIONNAME = "Justin Lennox";
				TargetAttributes = {
					D0BC87841A6A3C0B00AF46C1 = {
						CreatedOnToolsVersion = 6.1.1;
					};
					D0BC879F1A6A3C0B00AF46C1 = {
						CreatedOnToolsVersion = 6.1.1;
						TestTargetID = D0BC87841A6A3C0B00AF46C1;
					};
				};
			};
			buildConfigurationList = D0BC87801A6A3C0B00AF46C1 /* Build configuration list for PBXProject "Resonant Melodies" */;
			compatibilityVersion = "Xcode 3.2";
			developmentRegion = English;
			hasScannedForEncodings = 0;
			knownRegions = (
				en,
				Base,
			);
			mainGroup = D0BC877C1A6A3C0B00AF46C1;
			productRefGroup = D0BC87861A6A3C0B00AF46C1 /* Products */;
			projectDirPath = "";
			projectRoot = "";
			targets = (
				D0BC87841A6A3C0B00AF46C1 /* Resonant Melodies */,
				D0BC879F1A6A3C0B00AF46C1 /* Resonant MelodiesTests */,
			);
		};
/* End PBXProject section */

/* Begin PBXResourcesBuildPhase section */
		D0BC87831A6A3C0B00AF46C1 /* Resources */ = {
			isa = PBXResourcesBuildPhase;
			buildActionMask = 2147483647;
			files = (
				D0BC879B1A6A3C0B00AF46C1 /* LaunchScreen.xib in Resources */,
				D0BC87981A6A3C0B00AF46C1 /* Images.xcassets in Resources */,
				D0BC87901A6A3C0B00AF46C1 /* art.scnassets in Resources */,
				D0BC87961A6A3C0B00AF46C1 /* Main.storyboard in Resources */,
			);
			runOnlyForDeploymentPostprocessing = 0;
		};
		D0BC879E1A6A3C0B00AF46C1 /* Resources */ = {
			isa = PBXResourcesBuildPhase;
			buildActionMask = 2147483647;
			files = (
			);
			runOnlyForDeploymentPostprocessing = 0;
		};
/* End PBXResourcesBuildPhase section */

/* Begin PBXSourcesBuildPhase section */
		D0BC87811A6A3C0B00AF46C1 /* Sources */ = {
			isa = PBXSourcesBuildPhase;
			buildActionMask = 2147483647;
			files = (
				D0BC878E1A6A3C0B00AF46C1 /* AppDelegate.m in Sources */,
				D0BC87931A6A3C0B00AF46C1 /* GameViewController.m in Sources */,
				D0BC878B1A6A3C0B00AF46C1 /* main.m in Sources */,
			);
			runOnlyForDeploymentPostprocessing = 0;
		};
		D0BC879C1A6A3C0B00AF46C1 /* Sources */ = {
			isa = PBXSourcesBuildPhase;
			buildActionMask = 2147483647;
			files = (
				D0BC87A71A6A3C0B00AF46C1 /* Resonant_MelodiesTests.m in Sources */,
			);
			runOnlyForDeploymentPostprocessing = 0;
		};
/* End PBXSourcesBuildPhase section */

/* Begin PBXTargetDependency section */
		D0BC87A21A6A3C0B00AF46C1 /* PBXTargetDependency */ = {
			isa = PBXTargetDependency;
			target = D0BC87841A6A3C0B00AF46C1 /* Resonant Melodies */;
			targetProxy = D0BC87A11A6A3C0B00AF46C1 /* PBXContainerItemProxy */;
		};
/* End PBXTargetDependency section */

/* Begin PBXVariantGroup section */
		D0BC87941A6A3C0B00AF46C1 /* Main.storyboard */ = {
			isa = PBXVariantGroup;
			children = (
				D0BC87951A6A3C0B00AF46C1 /* Base */,
			);
			name = Main.storyboard;
			sourceTree = "<group>";
		};
		D0BC87991A6A3C0B00AF46C1 /* LaunchScreen.xib */ = {
			isa = PBXVariantGroup;
			children = (
				D0BC879A1A6A3C0B00AF46C1 /* Base */,
			);
			name = LaunchScreen.xib;
			sourceTree = "<group>";
		};
/* End PBXVariantGroup section */

/* Begin XCBuildConfiguration section */
		D0BC87A81A6A3C0B00AF46C1 /* Debug */ = {
			isa = XCBuildConfiguration;
			buildSettings = {
				ALWAYS_SEARCH_USER_PATHS = NO;
				CLANG_CXX_LANGUAGE_STANDARD = "gnu++0x";
				CLANG_CXX_LIBRARY = "libc++";
				CLANG_ENABLE_MODULES = YES;
				CLANG_ENABLE_OBJC_ARC = YES;
				CLANG_WARN_BOOL_CONVERSION = YES;
				CLANG_WARN_CONSTANT_CONVERSION = YES;
				CLANG_WARN_DIRECT_OBJC_ISA_USAGE = YES_ERROR;
				CLANG_WARN_EMPTY_BODY = YES;
				CLANG_WARN_ENUM_CONVERSION = YES;
				CLANG_WARN_INT_CONVERSION = YES;
				CLANG_WARN_OBJC_ROOT_CLASS = YES_ERROR;
				CLANG_WARN_UNREACHABLE_CODE = YES;
				CLANG_WARN__DUPLICATE_METHOD_MATCH = YES;
				"CODE_SIGN_IDENTITY[sdk=iphoneos*]" = "iPhone Developer";
				COPY_PHASE_STRIP = NO;
				ENABLE_STRICT_OBJC_MSGSEND = YES;
				GCC_C_LANGUAGE_STANDARD = gnu99;
				GCC_DYNAMIC_NO_PIC = NO;
				GCC_OPTIMIZATION_LEVEL = 0;
				GCC_PREPROCESSOR_DEFINITIONS = (
					"DEBUG=1",
					"$(inherited)",
				);
				GCC_SYMBOLS_PRIVATE_EXTERN = NO;
				GCC_WARN_64_TO_32_BIT_CONVERSION = YES;
				GCC_WARN_ABOUT_RETURN_TYPE = YES_ERROR;
				GCC_WARN_UNDECLARED_SELECTOR = YES;
				GCC_WARN_UNINITIALIZED_AUTOS = YES_AGGRESSIVE;
				GCC_WARN_UNUSED_FUNCTION = YES;
				GCC_WARN_UNUSED_VARIABLE = YES;
				IPHONEOS_DEPLOYMENT_TARGET = 8.1;
				MTL_ENABLE_DEBUG_INFO = YES;
				ONLY_ACTIVE_ARCH = YES;
				SDKROOT = iphoneos;
				TARGETED_DEVICE_FAMILY = "1,2";
			};
			name = Debug;
		};
		D0BC87A91A6A3C0B00AF46C1 /* Release */ = {
			isa = XCBuildConfiguration;
			buildSettings = {
				ALWAYS_SEARCH_USER_PATHS = NO;
				CLANG_CXX_LANGUAGE_STANDARD = "gnu++0x";
				CLANG_CXX_LIBRARY = "libc++";
				CLANG_ENABLE_MODULES = YES;
				CLANG_ENABLE_OBJC_ARC = YES;
				CLANG_WARN_BOOL_CONVERSION = YES;
				CLANG_WARN_CONSTANT_CONVERSION = YES;
				CLANG_WARN_DIRECT_OBJC_ISA_USAGE = YES_ERROR;
				CLANG_WARN_EMPTY_BODY = YES;
				CLANG_WARN_ENUM_CONVERSION = YES;
				CLANG_WARN_INT_CONVERSION = YES;
				CLANG_WARN_OBJC_ROOT_CLASS = YES_ERROR;
				CLANG_WARN_UNREACHABLE_CODE = YES;
				CLANG_WARN__DUPLICATE_METHOD_MATCH = YES;
				"CODE_SIGN_IDENTITY[sdk=iphoneos*]" = "iPhone Developer";
				COPY_PHASE_STRIP = YES;
				ENABLE_NS_ASSERTIONS = NO;
				ENABLE_STRICT_OBJC_MSGSEND = YES;
				GCC_C_LANGUAGE_STANDARD = gnu99;
				GCC_WARN_64_TO_32_BIT_CONVERSION = YES;
				GCC_WARN_ABOUT_RETURN_TYPE = YES_ERROR;
				GCC_WARN_UNDECLARED_SELECTOR = YES;
				GCC_WARN_UNINITIALIZED_AUTOS = YES_AGGRESSIVE;
				GCC_WARN_UNUSED_FUNCTION = YES;
				GCC_WARN_UNUSED_VARIABLE = YES;
				IPHONEOS_DEPLOYMENT_TARGET = 8.1;
				MTL_ENABLE_DEBUG_INFO = NO;
				SDKROOT = iphoneos;
				TARGETED_DEVICE_FAMILY = "1,2";
				VALIDATE_PRODUCT = YES;
			};
			name = Release;
		};
		D0BC87AB1A6A3C0B00AF46C1 /* Debug */ = {
			isa = XCBuildConfiguration;
			buildSettings = {
				ASSETCATALOG_COMPILER_APPICON_NAME = AppIcon;
				INFOPLIST_FILE = "Resonant Melodies/Info.plist";
				LD_RUNPATH_SEARCH_PATHS = "$(inherited) @executable_path/Frameworks";
				PRODUCT_NAME = "$(TARGET_NAME)";
			};
			name = Debug;
		};
		D0BC87AC1A6A3C0B00AF46C1 /* Release */ = {
			isa = XCBuildConfiguration;
			buildSettings = {
				ASSETCATALOG_COMPILER_APPICON_NAME = AppIcon;
				INFOPLIST_FILE = "Resonant Melodies/Info.plist";
				LD_RUNPATH_SEARCH_PATHS = "$(inherited) @executable_path/Frameworks";
				PRODUCT_NAME = "$(TARGET_NAME)";
			};
			name = Release;
		};
		D0BC87AE1A6A3C0B00AF46C1 /* Debug */ = {
			isa = XCBuildConfiguration;
			buildSettings = {
				BUNDLE_LOADER = "$(TEST_HOST)";
				FRAMEWORK_SEARCH_PATHS = (
					"$(SDKROOT)/Developer/Library/Frameworks",
					"$(inherited)",
				);
				GCC_PREPROCESSOR_DEFINITIONS = (
					"DEBUG=1",
					"$(inherited)",
				);
				INFOPLIST_FILE = "Resonant MelodiesTests/Info.plist";
				LD_RUNPATH_SEARCH_PATHS = "$(inherited) @executable_path/Frameworks @loader_path/Frameworks";
				PRODUCT_NAME = "$(TARGET_NAME)";
				TEST_HOST = "$(BUILT_PRODUCTS_DIR)/Resonant Melodies.app/Resonant Melodies";
			};
			name = Debug;
		};
		D0BC87AF1A6A3C0B00AF46C1 /* Release */ = {
			isa = XCBuildConfiguration;
			buildSettings = {
				BUNDLE_LOADER = "$(TEST_HOST)";
				FRAMEWORK_SEARCH_PATHS = (
					"$(SDKROOT)/Developer/Library/Frameworks",
					"$(inherited)",
				);
				INFOPLIST_FILE = "Resonant MelodiesTests/Info.plist";
				LD_RUNPATH_SEARCH_PATHS = "$(inherited) @executable_path/Frameworks @loader_path/Frameworks";
				PRODUCT_NAME = "$(TARGET_NAME)";
				TEST_HOST = "$(BUILT_PRODUCTS_DIR)/Resonant Melodies.app/Resonant Melodies";
			};
			name = Release;
		};
/* End XCBuildConfiguration section */

/* Begin XCConfigurationList section */
		D0BC87801A6A3C0B00AF46C1 /* Build configuration list for PBXProject "Resonant Melodies" */ = {
			isa = XCConfigurationList;
			buildConfigurations = (
				D0BC87A81A6A3C0B00AF46C1 /* Debug */,
				D0BC87A91A6A3C0B00AF46C1 /* Release */,
			);
			defaultConfigurationIsVisible = 0;
			defaultConfigurationName = Release;
		};
		D0BC87AA1A6A3C0B00AF46C1 /* Build configuration list for PBXNativeTarget "Resonant Melodies" */ = {
			isa = XCConfigurationList;
			buildConfigurations = (
				D0BC87AB1A6A3C0B00AF46C1 /* Debug */,
				D0BC87AC1A6A3C0B00AF46C1 /* Release */,
			);
			defaultConfigurationIsVisible = 0;
		};
		D0BC87AD1A6A3C0B00AF46C1 /* Build configuration list for PBXNativeTarget "Resonant MelodiesTests" */ = {
			isa = XCConfigurationList;
			buildConfigurations = (
				D0BC87AE1A6A3C0B00AF46C1 /* Debug */,
				D0BC87AF1A6A3C0B00AF46C1 /* Release */,
			);
			defaultConfigurationIsVisible = 0;
		};
/* End XCConfigurationList section */
	};
	rootObject = D0BC877D1A6A3C0B00AF46C1 /* Project object */;
}
